
Microsoft Visual Studio Solution File, Format Version 12.00
# Visual Studio Version 17
VisualStudioVersion = 17.3.32929.385
MinimumVisualStudioVersion = 10.0.40219.1
Project("{9A19103F-16F7-4668-BE54-9A1E7A4F7556}") = "Battleship.Game", "Battleship.Game\Battleship.Game.csproj", "{90BB6CF2-76B5-40C2-984F-F639F7343202}"
EndProject
Project("{9A19103F-16F7-4668-BE54-9A1E7A4F7556}") = "Battleship.Game.Contracts", "Battleship.Game.Contracts\Battleship.Game.Contracts.csproj", "{2467F9AF-DA56-4C73-B85A-F268CACCD40F}"
EndProject
Project("{FAE04EC0-301F-11D3-BF4B-00C04F79EFBC}") = "Battleship.Game.UnitTests", "Battleship.Game.UnitTests\Battleship.Game.UnitTests.csproj", "{8E050B15-0FC1-422E-B38E-BD469D607B15}"
EndProject
Global
	GlobalSection(SolutionConfigurationPlatforms) = preSolution
		Debug|Any CPU = Debug|Any CPU
		Release|Any CPU = Release|Any CPU
	EndGlobalSection
	GlobalSection(ProjectConfigurationPlatforms) = postSolution
		{90BB6CF2-76B5-40C2-984F-F639F7343202}.Debug|Any CPU.ActiveCfg = Debug|Any CPU
		{90BB6CF2-76B5-40C2-984F-F639F7343202}.Debug|Any CPU.Build.0 = Debug|Any CPU
		{90BB6CF2-76B5-40C2-984F-F639F7343202}.Release|Any CPU.ActiveCfg = Release|Any CPU
		{90BB6CF2-76B5-40C2-984F-F639F7343202}.Release|Any CPU.Build.0 = Release|Any CPU
		{2467F9AF-DA56-4C73-B85A-F268CACCD40F}.Debug|Any CPU.ActiveCfg = Debug|Any CPU
		{2467F9AF-DA56-4C73-B85A-F268CACCD40F}.Debug|Any CPU.Build.0 = Debug|Any CPU
		{2467F9AF-DA56-4C73-B85A-F268CACCD40F}.Release|Any CPU.ActiveCfg = Release|Any CPU
		{2467F9AF-DA56-4C73-B85A-F268CACCD40F}.Release|Any CPU.Build.0 = Release|Any CPU
		{8E050B15-0FC1-422E-B38E-BD469D607B15}.Debug|Any CPU.ActiveCfg = Debug|Any CPU
		{8E050B15-0FC1-422E-B38E-BD469D607B15}.Debug|Any CPU.Build.0 = Debug|Any CPU
		{8E050B15-0FC1-422E-B38E-BD469D607B15}.Release|Any CPU.ActiveCfg = Release|Any CPU
		{8E050B15-0FC1-422E-B38E-BD469D607B15}.Release|Any CPU.Build.0 = Release|Any CPU
	EndGlobalSection
	GlobalSection(SolutionProperties) = preSolution
		HideSolutionNode = FALSE
	EndGlobalSection
	GlobalSection(ExtensibilityGlobals) = postSolution
		SolutionGuid = {FFE7D28A-2ED2-48CB-9668-6FF0734A436A}
	EndGlobalSection
EndGlobal
